{
  "version": 4,
  "terraform_version": "1.15.6",
  "serial": 16,
  "lineage": "0f837923-bfa5-d533-6033-ce0788c201db",
  "outputs": {
    "dashboard_url": {
      "value": null,
      "type": "string"
    },
    "grafana_url": {
      "value": null,
      "type": "string"
    },
    "instance_id": {
      "value": "i-0ef36d639add7509b",
      "type": "string"
    },
    "instance_public_ip": {
      "value": null,
      "type": "string"
    },
    "locust_url": {
      "value": null,
      "type": "string"
    },
    "mlflow_url": {
      "value": null,
      "type": "string"
    },
    "prometheus_url": {
      "value": null,
      "type": "string"
    },
    "ssh_command": {
      "value": null,
      "type": "string"
    }
  },
  "resources": [
    {
      "mode": "managed",
      "type": "aws_instance",
      "name": "zerotouch",
      "provider": "provider[\"registry.terraform.io/hashicorp/aws\"]",
      "instances": [
        {
          "schema_version": 1,
          "attributes": {
            "ami": "ami-051e483428ae60e7d",
            "arn": "arn:aws:ec2:us-east-1:109152774268:instance/i-0ef36d639add7509b",
            "associate_public_ip_address": true,
            "availability_zone": "us-east-1d",
            "capacity_reservation_specification": [
              {
                "capacity_reservation_preference": "open",
                "capacity_reservation_target": []
              }
            ],
            "cpu_core_count": 2,
            "cpu_options": [
              {
                "amd_sev_snp": "",
                "core_count": 2,
                "threads_per_core": 2
              }
            ],
            "cpu_threads_per_core": 2,
            "credit_specification": [
              {
                "cpu_credits": "unlimited"
              }
            ],
            "disable_api_stop": false,
            "disable_api_termination": false,
            "ebs_block_device": [],
            "ebs_optimized": true,
            "enable_primary_ipv6": null,
            "enclave_options": [
              {
                "enabled": false
              }
            ],
            "ephemeral_block_device": [],
            "get_password_data": false,
            "hibernation": false,
            "host_id": "",
            "host_resource_group_arn": null,
            "iam_instance_profile": "",
            "id": "i-0ef36d639add7509b",
            "instance_initiated_shutdown_behavior": "stop",
            "instance_lifecycle": "",
            "instance_market_options": [],
            "instance_state": "running",
            "instance_type": "t3.xlarge",
            "ipv6_address_count": 0,
            "ipv6_addresses": [],
            "key_name": "zerotouch-key",
            "launch_template": [],
            "maintenance_options": [
              {
                "auto_recovery": "default"
              }
            ],
            "metadata_options": [
              {
                "http_endpoint": "enabled",
                "http_protocol_ipv6": "disabled",
                "http_put_response_hop_limit": 2,
                "http_tokens": "required",
                "instance_metadata_tags": "disabled"
              }
            ],
            "monitoring": false,
            "network_interface": [],
            "outpost_arn": "",
            "password_data": "",
            "placement_group": "",
            "placement_partition_number": 0,
            "primary_network_interface_id": "eni-00b44595cbcc1b8ea",
            "private_dns": "ip-172-31-47-197.ec2.internal",
            "private_dns_name_options": [
              {
                "enable_resource_name_dns_a_record": true,
                "enable_resource_name_dns_aaaa_record": false,
                "hostname_type": "ip-name"
              }
            ],
            "private_ip": "172.31.47.197",
            "public_dns": "ec2-13-220-231-66.compute-1.amazonaws.com",
            "public_ip": "13.220.231.66",
            "root_block_device": [
              {
                "delete_on_termination": true,
                "device_name": "/dev/sda1",
                "encrypted": false,
                "iops": 3000,
                "kms_key_id": "",
                "tags": {},
                "tags_all": {},
                "throughput": 125,
                "volume_id": "vol-090c758140f298b94",
                "volume_size": 50,
                "volume_type": "gp3"
              }
            ],
            "secondary_private_ips": [],
            "security_groups": [
              "zerotouch-sg"
            ],
            "source_dest_check": true,
            "spot_instance_request_id": "",
            "subnet_id": "subnet-0d65c9d6919fa025a",
            "tags": {
              "Name": "ZeroTouch"
            },
            "tags_all": {
              "Name": "ZeroTouch"
            },
            "tenancy": "default",
            "timeouts": null,
            "user_data": null,
            "user_data_base64": null,
            "user_data_replace_on_change": null,
            "volume_tags": null,
            "vpc_security_group_ids": [
              "sg-0130e89c642a8811d"
            ]
          },
          "sensitive_attributes": [],
          "identity_schema_version": 0,
          "private": "eyJlMmJmYjczMC1lY2FhLTExZTYtOGY4OC0zNDM2M2JjN2M0YzAiOnsiY3JlYXRlIjo2MDAwMDAwMDAwMDAsImRlbGV0ZSI6MTIwMDAwMDAwMDAwMCwicmVhZCI6OTAwMDAwMDAwMDAwLCJ1cGRhdGUiOjYwMDAwMDAwMDAwMH0sInNjaGVtYV92ZXJzaW9uIjoiMSJ9"
        }
      ]
    },
    {
      "mode": "managed",
      "type": "aws_key_pair",
      "name": "zerotouch_key",
      "provider": "provider[\"registry.terraform.io/hashicorp/aws\"]",
      "instances": [
        {
          "schema_version": 1,
          "attributes": {
            "arn": "arn:aws:ec2:us-east-1:109152774268:key-pair/zerotouch-key",
            "fingerprint": "8d:b0:97:e9:35:f3:c0:35:32:1b:30:3d:0c:89:45:e5",
            "id": "zerotouch-key",
            "key_name": "zerotouch-key",
            "key_name_prefix": "",
            "key_pair_id": "key-0db34c3970de72ff4",
            "key_type": "rsa",
            "public_key": "ssh-rsa AAAAB3NzaC1yc2EAAAADAQABAAACAQDBOMxPK1D7u0OsUbThChVT6M7ZvXwMJWDaWkTEWgegzh8jbmKap6p3iyX3nZ3FUndnBiLhxYo/V1CPRcw1CQZvN6u8cVz2DzGB7JVRZkIrpFoK/17BW1q4O5TG2Lv2WiqIkSBmQjZom4AuRIlb5oF39hr0jNRfFao9q8ZTMiCXj8Z3drNne6ypwH4/FgtZwW1mN3xPQlRUTuMhWSL10TMMnLv/k3Nf4YX9Wpi4VCdTc2/yKTF9ZxCu9gHQ/Yw+wIuWhlc7CM7Bh6d/Z8GlQ6nlhNPMukkbdJ+sjb3dh4DyGR158aLhZo7lpmk0n0+qkqnekvhAt/vK54zqjtfpwh6GBDPuDOduvN0UArgVvbSbEpbq/JeCWnI7M/VQhjuurjBMr9+Ox4awTOsObKVpTPqUu3jWmqNVMSix+ZUCazI/99tcNOwEbtcayU3aAefNXQOugv+Mb+/wqTSLoAtnMXL1N7EZWAxGpRl+m670RcoicIJO388OyDXnVvQqBKRZ2Nn7t8gQ7rR/s5OiS0NAk4ewE3Ql8D9D5tM1d8ONUcuXpMi3aHowFIuKQwJfqeoBF8RrzgEdglyIeJS3tIkgWUGnxGfNglXbWqZqeTT45R37k5h8OyUwCF/0qsvuFTKamH4KBMeaFkOjVhT2YOk0POq9jXvIOZP7TGuMUeudikmy2Q== zerotouch-deploy",
            "tags": {},
            "tags_all": {}
          },
          "sensitive_attributes": [],
          "identity_schema_version": 0,
          "private": "eyJzY2hlbWFfdmVyc2lvbiI6IjEifQ=="
        }
      ]
    },
    {
      "mode": "managed",
      "type": "aws_security_group",
      "name": "zerotouch_sg",
      "provider": "provider[\"registry.terraform.io/hashicorp/aws\"]",
      "instances": [
        {
          "schema_version": 1,
          "attributes": {
            "arn": "arn:aws:ec2:us-east-1:109152774268:security-group/sg-0130e89c642a8811d",
            "description": "ZeroTouch security group - all required ports",
            "egress": [
              {
                "cidr_blocks": [
                  "0.0.0.0/0"
                ],
                "description": "",
                "from_port": 0,
                "ipv6_cidr_blocks": [],
                "prefix_list_ids": [],
                "protocol": "-1",
                "security_groups": [],
                "self": false,
                "to_port": 0
              }
            ],
            "id": "sg-0130e89c642a8811d",
            "ingress": [
              {
                "cidr_blocks": [
                  "0.0.0.0/0"
                ],
                "description": "FastAPI",
                "from_port": 8000,
                "ipv6_cidr_blocks": [],
                "prefix_list_ids": [],
                "protocol": "tcp",
                "security_groups": [],
                "self": false,
                "to_port": 8000
              },
              {
                "cidr_blocks": [
                  "0.0.0.0/0"
                ],
                "description": "Grafana",
                "from_port": 3000,
                "ipv6_cidr_blocks": [],
                "prefix_list_ids": [],
                "protocol": "tcp",
                "security_groups": [],
                "self": false,
                "to_port": 3000
              },
              {
                "cidr_blocks": [
                  "0.0.0.0/0"
                ],
                "description": "Locust",
                "from_port": 8089,
                "ipv6_cidr_blocks": [],
                "prefix_list_ids": [],
                "protocol": "tcp",
                "security_groups": [],
                "self": false,
                "to_port": 8089
              },
              {
                "cidr_blocks": [
                  "0.0.0.0/0"
                ],
                "description": "MLflow",
                "from_port": 5000,
                "ipv6_cidr_blocks": [],
                "prefix_list_ids": [],
                "protocol": "tcp",
                "security_groups": [],
                "self": false,
                "to_port": 5000
              },
              {
                "cidr_blocks": [
                  "0.0.0.0/0"
                ],
                "description": "Ollama",
                "from_port": 11434,
                "ipv6_cidr_blocks": [],
                "prefix_list_ids": [],
                "protocol": "tcp",
                "security_groups": [],
                "self": false,
                "to_port": 11434
              },
              {
                "cidr_blocks": [
                  "0.0.0.0/0"
                ],
                "description": "Prometheus",
                "from_port": 9090,
                "ipv6_cidr_blocks": [],
                "prefix_list_ids": [],
                "protocol": "tcp",
                "security_groups": [],
                "self": false,
                "to_port": 9090
              },
              {
                "cidr_blocks": [
                  "0.0.0.0/0"
                ],
                "description": "SSH",
                "from_port": 22,
                "ipv6_cidr_blocks": [],
                "prefix_list_ids": [],
                "protocol": "tcp",
                "security_groups": [],
                "self": false,
                "to_port": 22
              },
              {
                "cidr_blocks": [
                  "0.0.0.0/0"
                ],
                "description": "Streamlit",
                "from_port": 8501,
                "ipv6_cidr_blocks": [],
                "prefix_list_ids": [],
                "protocol": "tcp",
                "security_groups": [],
                "self": false,
                "to_port": 8501
              }
            ],
            "name": "zerotouch-sg",
            "name_prefix": "",
            "owner_id": "109152774268",
            "revoke_rules_on_delete": false,
            "tags": {
              "Name": "zerotouch-sg",
              "Project": "zerotouch"
            },
            "tags_all": {
              "Name": "zerotouch-sg",
              "Project": "zerotouch"
            },
            "timeouts": null,
            "vpc_id": "vpc-01b93d7715d1138e5"
          },
          "sensitive_attributes": [],
          "identity_schema_version": 0,
          "private": "eyJlMmJmYjczMC1lY2FhLTExZTYtOGY4OC0zNDM2M2JjN2M0YzAiOnsiY3JlYXRlIjo2MDAwMDAwMDAwMDAsImRlbGV0ZSI6OTAwMDAwMDAwMDAwfSwic2NoZW1hX3ZlcnNpb24iOiIxIn0="
        }
      ]
    }
  ],
  "check_results": null
}
